
Microsoft Visual Studio Solution File, Format Version 12.00
# Visual Studio Version 17
VisualStudioVersion = 17.5.33516.290
MinimumVisualStudioVersion = 10.0.40219.1
Project("{FAE04EC0-301F-11D3-BF4B-00C04F79EFBC}") = "StudentManagementDemo", "StudentManagementDemo.csproj", "{337DC50E-5661-4689-9B2F-A5D8D418D1ED}"
EndProject
Global
	GlobalSection(SolutionConfigurationPlatforms) = preSolution
		Debug|Any CPU = Debug|Any CPU
		Release|Any CPU = Release|Any CPU
	EndGlobalSection
	GlobalSection(ProjectConfigurationPlatforms) = postSolution
		{337DC50E-5661-4689-9B2F-A5D8D418D1ED}.Debug|Any CPU.ActiveCfg = Debug|Any CPU
		{337DC50E-5661-4689-9B2F-A5D8D418D1ED}.Debug|Any CPU.Build.0 = Debug|Any CPU
		{337DC50E-5661-4689-9B2F-A5D8D418D1ED}.Release|Any CPU.ActiveCfg = Release|Any CPU
		{337DC50E-5661-4689-9B2F-A5D8D418D1ED}.Release|Any CPU.Build.0 = Release|Any CPU
	EndGlobalSection
	GlobalSection(SolutionProperties) = preSolution
		HideSolutionNode = FALSE
	EndGlobalSection
	GlobalSection(ExtensibilityGlobals) = postSolution
		SolutionGuid = {A5EB9381-077D-4338-B4FA-2C72D8A64FA4}
	EndGlobalSection
EndGlobal
